
Microsoft Visual Studio Solution File, Format Version 12.00
# Visual Studio Version 16
VisualStudioVersion = 16.0.34601.136
MinimumVisualStudioVersion = 10.0.40219.1
Project("{9A19103F-16F7-4668-BE54-9A1E7A4F7556}") = "WebDuLich", "WebDuLich\WebDuLich.csproj", "{17A61062-5EA7-49C8-A1D0-D582C61D9325}"
EndProject
Global
	GlobalSection(SolutionConfigurationPlatforms) = preSolution
		Debug|Any CPU = Debug|Any CPU
		Release|Any CPU = Release|Any CPU
	EndGlobalSection
	GlobalSection(ProjectConfigurationPlatforms) = postSolution
		{17A61062-5EA7-49C8-A1D0-D582C61D9325}.Debug|Any CPU.ActiveCfg = Debug|Any CPU
		{17A61062-5EA7-49C8-A1D0-D582C61D9325}.Debug|Any CPU.Build.0 = Debug|Any CPU
		{17A61062-5EA7-49C8-A1D0-D582C61D9325}.Release|Any CPU.ActiveCfg = Release|Any CPU
		{17A61062-5EA7-49C8-A1D0-D582C61D9325}.Release|Any CPU.Build.0 = Release|Any CPU
	EndGlobalSection
	GlobalSection(SolutionProperties) = preSolution
		HideSolutionNode = FALSE
	EndGlobalSection
	GlobalSection(ExtensibilityGlobals) = postSolution
		SolutionGuid = {8D7A87C4-5F80-4124-A666-541E18BF6EA7}
	EndGlobalSection
EndGlobal
